// !$*UTF8*$!
{
	archiveVersion = 1;
	classes = {
	};
	objectVersion = 50;
	objects = {

/* Begin PBXBuildFile section */
		5718377525AF8C6E005B6949 /* AppDelegate.swift in Sources */ = {isa = PBXBuildFile; fileRef = 5718377425AF8C6E005B6949 /* AppDelegate.swift */; };
		5718377725AF8C6E005B6949 /* SceneDelegate.swift in Sources */ = {isa = PBXBuildFile; fileRef = 5718377625AF8C6E005B6949 /* SceneDelegate.swift */; };
		5718377925AF8C6E005B6949 /* ContentView.swift in Sources */ = {isa = PBXBuildFile; fileRef = 5718377825AF8C6E005B6949 /* ContentView.swift */; };
		5718377B25AF8C70005B6949 /* Assets.xcassets in Resources */ = {isa = PBXBuildFile; fileRef = 5718377A25AF8C70005B6949 /* Assets.xcassets */; };
		5718377E25AF8C70005B6949 /* Preview Assets.xcassets in Resources */ = {isa = PBXBuildFile; fileRef = 5718377D25AF8C70005B6949 /* Preview Assets.xcassets */; };
		5718378125AF8C70005B6949 /* LaunchScreen.storyboard in Resources */ = {isa = PBXBuildFile; fileRef = 5718377F25AF8C70005B6949 /* LaunchScreen.storyboard */; };
		5718378C25AF8C70005B6949 /* maishsk_1Tests.swift in Sources */ = {isa = PBXBuildFile; fileRef = 5718378B25AF8C70005B6949 /* maishsk_1Tests.swift */; };
		5718379725AF8C70005B6949 /* maishsk_1UITests.swift in Sources */ = {isa = PBXBuildFile; fileRef = 5718379625AF8C70005B6949 /* maishsk_1UITests.swift */; };
/* End PBXBuildFile section */

/* Begin PBXContainerItemProxy section */
		5718378825AF8C70005B6949 /* PBXContainerItemProxy */ = {
			isa = PBXContainerItemProxy;
			containerPortal = 5718376925AF8C6E005B6949 /* Project object */;
			proxyType = 1;
			remoteGlobalIDString = 5718377025AF8C6E005B6949;
			remoteInfo = "maishsk-1";
		};
		5718379325AF8C70005B6949 /* PBXContainerItemProxy */ = {
			isa = PBXContainerItemProxy;
			containerPortal = 5718376925AF8C6E005B6949 /* Project object */;
			proxyType = 1;
			remoteGlobalIDString = 5718377025AF8C6E005B6949;
			remoteInfo = "maishsk-1";
		};
/* End PBXContainerItemProxy section */

/* Begin PBXFileReference section */
		5718377125AF8C6E005B6949 /* maishsk-1.app */ = {isa = PBXFileReference; explicitFileType = wrapper.application; includeInIndex = 0; path = "maishsk-1.app"; sourceTree = BUILT_PRODUCTS_DIR; };
		5718377425AF8C6E005B6949 /* AppDelegate.swift */ = {isa = PBXFileReference; lastKnownFileType = sourcecode.swift; path = AppDelegate.swift; sourceTree = "<group>"; };
		5718377625AF8C6E005B6949 /* SceneDelegate.swift */ = {isa = PBXFileReference; lastKnownFileType = sourcecode.swift; path = SceneDelegate.swift; sourceTree = "<group>"; };
		5718377825AF8C6E005B6949 /* ContentView.swift */ = {isa = PBXFileReference; lastKnownFileType = sourcecode.swift; path = ContentView.swift; sourceTree = "<group>"; };
		5718377A25AF8C70005B6949 /* Assets.xcassets */ = {isa = PBXFileReference; lastKnownFileType = folder.assetcatalog; path = Assets.xcassets; sourceTree = "<group>"; };
		5718377D25AF8C70005B6949 /* Preview Assets.xcassets */ = {isa = PBXFileReference; lastKnownFileType = folder.assetcatalog; path = "Preview Assets.xcassets"; sourceTree = "<group>"; };
		5718378025AF8C70005B6949 /* Base */ = {isa = PBXFileReference; lastKnownFileType = file.storyboard; name = Base; path = Base.lproj/LaunchScreen.storyboard; sourceTree = "<group>"; };
		5718378225AF8C70005B6949 /* Info.plist */ = {isa = PBXFileReference; lastKnownFileType = text.plist.xml; path = Info.plist; sourceTree = "<group>"; };
		5718378725AF8C70005B6949 /* maishsk-1Tests.xctest */ = {isa = PBXFileReference; explicitFileType = wrapper.cfbundle; includeInIndex = 0; path = "maishsk-1Tests.xctest"; sourceTree = BUILT_PRODUCTS_DIR; };
		5718378B25AF8C70005B6949 /* maishsk_1Tests.swift */ = {isa = PBXFileReference; lastKnownFileType = sourcecode.swift; path = maishsk_1Tests.swift; sourceTree = "<group>"; };
		5718378D25AF8C70005B6949 /* Info.plist */ = {isa = PBXFileReference; lastKnownFileType = text.plist.xml; path = Info.plist; sourceTree = "<group>"; };
		5718379225AF8C70005B6949 /* maishsk-1UITests.xctest */ = {isa = PBXFileReference; explicitFileType = wrapper.cfbundle; includeInIndex = 0; path = "maishsk-1UITests.xctest"; sourceTree = BUILT_PRODUCTS_DIR; };
		5718379625AF8C70005B6949 /* maishsk_1UITests.swift */ = {isa = PBXFileReference; lastKnownFileType = sourcecode.swift; path = maishsk_1UITests.swift; sourceTree = "<group>"; };
		5718379825AF8C70005B6949 /* Info.plist */ = {isa = PBXFileReference; lastKnownFileType = text.plist.xml; path = Info.plist; sourceTree = "<group>"; };
/* End PBXFileReference section */

/* Begin PBXFrameworksBuildPhase section */
		5718376E25AF8C6E005B6949 /* Frameworks */ = {
			isa = PBXFrameworksBuildPhase;
			buildActionMask = 2147483647;
			files = (
			);
			runOnlyForDeploymentPostprocessing = 0;
		};
		5718378425AF8C70005B6949 /* Frameworks */ = {
			isa = PBXFrameworksBuildPhase;
			buildActionMask = 2147483647;
			files = (
			);
			runOnlyForDeploymentPostprocessing = 0;
		};
		5718378F25AF8C70005B6949 /* Frameworks */ = {
			isa = PBXFrameworksBuildPhase;
			buildActionMask = 2147483647;
			files = (
			);
			runOnlyForDeploymentPostprocessing = 0;
		};
/* End PBXFrameworksBuildPhase section */

/* Begin PBXGroup section */
		5718376825AF8C6E005B6949 = {
			isa = PBXGroup;
			children = (
				5718377325AF8C6E005B6949 /* maishsk-1 */,
				5718378A25AF8C70005B6949 /* maishsk-1Tests */,
				5718379525AF8C70005B6949 /* maishsk-1UITests */,
				5718377225AF8C6E005B6949 /* Products */,
			);
			sourceTree = "<group>";
		};
		5718377225AF8C6E005B6949 /* Products */ = {
			isa = PBXGroup;
			children = (
				5718377125AF8C6E005B6949 /* maishsk-1.app */,
				5718378725AF8C70005B6949 /* maishsk-1Tests.xctest */,
				5718379225AF8C70005B6949 /* maishsk-1UITests.xctest */,
			);
			name = Products;
			sourceTree = "<group>";
		};
		5718377325AF8C6E005B6949 /* maishsk-1 */ = {
			isa = PBXGroup;
			children = (
				5718377425AF8C6E005B6949 /* AppDelegate.swift */,
				5718377625AF8C6E005B6949 /* SceneDelegate.swift */,
				5718377825AF8C6E005B6949 /* ContentView.swift */,
				5718377A25AF8C70005B6949 /* Assets.xcassets */,
				5718377F25AF8C70005B6949 /* LaunchScreen.storyboard */,
				5718378225AF8C70005B6949 /* Info.plist */,
				5718377C25AF8C70005B6949 /* Preview Content */,
			);
			path = "maishsk-1";
			sourceTree = "<group>";
		};
		5718377C25AF8C70005B6949 /* Preview Content */ = {
			isa = PBXGroup;
			children = (
				5718377D25AF8C70005B6949 /* Preview Assets.xcassets */,
			);
			path = "Preview Content";
			sourceTree = "<group>";
		};
		5718378A25AF8C70005B6949 /* maishsk-1Tests */ = {
			isa = PBXGroup;
			children = (
				5718378B25AF8C70005B6949 /* maishsk_1Tests.swift */,
				5718378D25AF8C70005B6949 /* Info.plist */,
			);
			path = "maishsk-1Tests";
			sourceTree = "<group>";
		};
		5718379525AF8C70005B6949 /* maishsk-1UITests */ = {
			isa = PBXGroup;
			children = (
				5718379625AF8C70005B6949 /* maishsk_1UITests.swift */,
				5718379825AF8C70005B6949 /* Info.plist */,
			);
			path = "maishsk-1UITests";
			sourceTree = "<group>";
		};
/* End PBXGroup section */

/* Begin PBXNativeTarget section */
		5718377025AF8C6E005B6949 /* maishsk-1 */ = {
			isa = PBXNativeTarget;
			buildConfigurationList = 5718379B25AF8C70005B6949 /* Build configuration list for PBXNativeTarget "maishsk-1" */;
			buildPhases = (
				5718376D25AF8C6E005B6949 /* Sources */,
				5718376E25AF8C6E005B6949 /* Frameworks */,
				5718376F25AF8C6E005B6949 /* Resources */,
			);
			buildRules = (
			);
			dependencies = (
			);
			name = "maishsk-1";
			productName = "maishsk-1";
			productReference = 5718377125AF8C6E005B6949 /* maishsk-1.app */;
			productType = "com.apple.product-type.application";
		};
		5718378625AF8C70005B6949 /* maishsk-1Tests */ = {
			isa = PBXNativeTarget;
			buildConfigurationList = 5718379E25AF8C70005B6949 /* Build configuration list for PBXNativeTarget "maishsk-1Tests" */;
			buildPhases = (
				5718378325AF8C70005B6949 /* Sources */,
				5718378425AF8C70005B6949 /* Frameworks */,
				5718378525AF8C70005B6949 /* Resources */,
			);
			buildRules = (
			);
			dependencies = (
				5718378925AF8C70005B6949 /* PBXTargetDependency */,
			);
			name = "maishsk-1Tests";
			productName = "maishsk-1Tests";
			productReference = 5718378725AF8C70005B6949 /* maishsk-1Tests.xctest */;
			productType = "com.apple.product-type.bundle.unit-test";
		};
		5718379125AF8C70005B6949 /* maishsk-1UITests */ = {
			isa = PBXNativeTarget;
			buildConfigurationList = 571837A125AF8C70005B6949 /* Build configuration list for PBXNativeTarget "maishsk-1UITests" */;
			buildPhases = (
				5718378E25AF8C70005B6949 /* Sources */,
				5718378F25AF8C70005B6949 /* Frameworks */,
				5718379025AF8C70005B6949 /* Resources */,
			);
			buildRules = (
			);
			dependencies = (
				5718379425AF8C70005B6949 /* PBXTargetDependency */,
			);
			name = "maishsk-1UITests";
			productName = "maishsk-1UITests";
			productReference = 5718379225AF8C70005B6949 /* maishsk-1UITests.xctest */;
			productType = "com.apple.product-type.bundle.ui-testing";
		};
/* End PBXNativeTarget section */

/* Begin PBXProject section */
		5718376925AF8C6E005B6949 /* Project object */ = {
			isa = PBXProject;
			attributes = {
				LastSwiftUpdateCheck = 1150;
				LastUpgradeCheck = 1150;
				ORGANIZATIONNAME = maishsk;
				TargetAttributes = {
					5718377025AF8C6E005B6949 = {
						CreatedOnToolsVersion = 11.5;
					};
					5718378625AF8C70005B6949 = {
						CreatedOnToolsVersion = 11.5;
						TestTargetID = 5718377025AF8C6E005B6949;
					};
					5718379125AF8C70005B6949 = {
						CreatedOnToolsVersion = 11.5;
						TestTargetID = 5718377025AF8C6E005B6949;
					};
				};
			};
			buildConfigurationList = 5718376C25AF8C6E005B6949 /* Build configuration list for PBXProject "maishsk-1" */;
			compatibilityVersion = "Xcode 9.3";
			developmentRegion = en;
			hasScannedForEncodings = 0;
			knownRegions = (
				en,
				Base,
			);
			mainGroup = 5718376825AF8C6E005B6949;
			productRefGroup = 5718377225AF8C6E005B6949 /* Products */;
			projectDirPath = "";
			projectRoot = "";
			targets = (
				5718377025AF8C6E005B6949 /* maishsk-1 */,
				5718378625AF8C70005B6949 /* maishsk-1Tests */,
				5718379125AF8C70005B6949 /* maishsk-1UITests */,
			);
		};
/* End PBXProject section */

/* Begin PBXResourcesBuildPhase section */
		5718376F25AF8C6E005B6949 /* Resources */ = {
			isa = PBXResourcesBuildPhase;
			buildActionMask = 2147483647;
			files = (
				5718378125AF8C70005B6949 /* LaunchScreen.storyboard in Resources */,
				5718377E25AF8C70005B6949 /* Preview Assets.xcassets in Resources */,
				5718377B25AF8C70005B6949 /* Assets.xcassets in Resources */,
			);
			runOnlyForDeploymentPostprocessing = 0;
		};
		5718378525AF8C70005B6949 /* Resources */ = {
			isa = PBXResourcesBuildPhase;
			buildActionMask = 2147483647;
			files = (
			);
			runOnlyForDeploymentPostprocessing = 0;
		};
		5718379025AF8C70005B6949 /* Resources */ = {
			isa = PBXResourcesBuildPhase;
			buildActionMask = 2147483647;
			files = (
			);
			runOnlyForDeploymentPostprocessing = 0;
		};
/* End PBXResourcesBuildPhase section */

/* Begin PBXSourcesBuildPhase section */
		5718376D25AF8C6E005B6949 /* Sources */ = {
			isa = PBXSourcesBuildPhase;
			buildActionMask = 2147483647;
			files = (
				5718377525AF8C6E005B6949 /* AppDelegate.swift in Sources */,
				5718377725AF8C6E005B6949 /* SceneDelegate.swift in Sources */,
				5718377925AF8C6E005B6949 /* ContentView.swift in Sources */,
			);
			runOnlyForDeploymentPostprocessing = 0;
		};
		5718378325AF8C70005B6949 /* Sources */ = {
			isa = PBXSourcesBuildPhase;
			buildActionMask = 2147483647;
			files = (
				5718378C25AF8C70005B6949 /* maishsk_1Tests.swift in Sources */,
			);
			runOnlyForDeploymentPostprocessing = 0;
		};
		5718378E25AF8C70005B6949 /* Sources */ = {
			isa = PBXSourcesBuildPhase;
			buildActionMask = 2147483647;
			files = (
				5718379725AF8C70005B6949 /* maishsk_1UITests.swift in Sources */,
			);
			runOnlyForDeploymentPostprocessing = 0;
		};
/* End PBXSourcesBuildPhase section */

/* Begin PBXTargetDependency section */
		5718378925AF8C70005B6949 /* PBXTargetDependency */ = {
			isa = PBXTargetDependency;
			target = 5718377025AF8C6E005B6949 /* maishsk-1 */;
			targetProxy = 5718378825AF8C70005B6949 /* PBXContainerItemProxy */;
		};
		5718379425AF8C70005B6949 /* PBXTargetDependency */ = {
			isa = PBXTargetDependency;
			target = 5718377025AF8C6E005B6949 /* maishsk-1 */;
			targetProxy = 5718379325AF8C70005B6949 /* PBXContainerItemProxy */;
		};
/* End PBXTargetDependency section */

/* Begin PBXVariantGroup section */
		5718377F25AF8C70005B6949 /* LaunchScreen.storyboard */ = {
			isa = PBXVariantGroup;
			children = (
				5718378025AF8C70005B6949 /* Base */,
			);
			name = LaunchScreen.storyboard;
			sourceTree = "<group>";
		};
/* End PBXVariantGroup section */

/* Begin XCBuildConfiguration section */
		5718379925AF8C70005B6949 /* Debug */ = {
			isa = XCBuildConfiguration;
			buildSettings = {
				ALWAYS_SEARCH_USER_PATHS = NO;
				CLANG_ANALYZER_NONNULL = YES;
				CLANG_ANALYZER_NUMBER_OBJECT_CONVERSION = YES_AGGRESSIVE;
				CLANG_CXX_LANGUAGE_STANDARD = "gnu++14";
				CLANG_CXX_LIBRARY = "libc++";
				CLANG_ENABLE_MODULES = YES;
				CLANG_ENABLE_OBJC_ARC = YES;
				CLANG_ENABLE_OBJC_WEAK = YES;
				CLANG_WARN_BLOCK_CAPTURE_AUTORELEASING = YES;
				CLANG_WARN_BOOL_CONVERSION = YES;
				CLANG_WARN_COMMA = YES;
				CLANG_WARN_CONSTANT_CONVERSION = YES;
				CLANG_WARN_DEPRECATED_OBJC_IMPLEMENTATIONS = YES;
				CLANG_WARN_DIRECT_OBJC_ISA_USAGE = YES_ERROR;
				CLANG_WARN_DOCUMENTATION_COMMENTS = YES;
				CLANG_WARN_EMPTY_BODY = YES;
				CLANG_WARN_ENUM_CONVERSION = YES;
				CLANG_WARN_INFINITE_RECURSION = YES;
				CLANG_WARN_INT_CONVERSION = YES;
				CLANG_WARN_NON_LITERAL_NULL_CONVERSION = YES;
				CLANG_WARN_OBJC_IMPLICIT_RETAIN_SELF = YES;
				CLANG_WARN_OBJC_LITERAL_CONVERSION = YES;
				CLANG_WARN_OBJC_ROOT_CLASS = YES_ERROR;
				CLANG_WARN_RANGE_LOOP_ANALYSIS = YES;
				CLANG_WARN_STRICT_PROTOTYPES = YES;
				CLANG_WARN_SUSPICIOUS_MOVE = YES;
				CLANG_WARN_UNGUARDED_AVAILABILITY = YES_AGGRESSIVE;
				CLANG_WARN_UNREACHABLE_CODE = YES;
				CLANG_WARN__DUPLICATE_METHOD_MATCH = YES;
				COPY_PHASE_STRIP = NO;
				DEBUG_INFORMATION_FORMAT = dwarf;
				ENABLE_STRICT_OBJC_MSGSEND = YES;
				ENABLE_TESTABILITY = YES;
				GCC_C_LANGUAGE_STANDARD = gnu11;
				GCC_DYNAMIC_NO_PIC = NO;
				GCC_NO_COMMON_BLOCKS = YES;
				GCC_OPTIMIZATION_LEVEL = 0;
				GCC_PREPROCESSOR_DEFINITIONS = (
					"DEBUG=1",
					"$(inherited)",
				);
				GCC_WARN_64_TO_32_BIT_CONVERSION = YES;
				GCC_WARN_ABOUT_RETURN_TYPE = YES_ERROR;
				GCC_WARN_UNDECLARED_SELECTOR = YES;
				GCC_WARN_UNINITIALIZED_AUTOS = YES_AGGRESSIVE;
				GCC_WARN_UNUSED_FUNCTION = YES;
				GCC_WARN_UNUSED_VARIABLE = YES;
				IPHONEOS_DEPLOYMENT_TARGET = 13.5;
				MTL_ENABLE_DEBUG_INFO = INCLUDE_SOURCE;
				MTL_FAST_MATH = YES;
				ONLY_ACTIVE_ARCH = YES;
				SDKROOT = iphoneos;
				SWIFT_ACTIVE_COMPILATION_CONDITIONS = DEBUG;
				SWIFT_OPTIMIZATION_LEVEL = "-Onone";
			};
			name = Debug;
		};
		5718379A25AF8C70005B6949 /* Release */ = {
			isa = XCBuildConfiguration;
			buildSettings = {
				ALWAYS_SEARCH_USER_PATHS = NO;
				CLANG_ANALYZER_NONNULL = YES;
				CLANG_ANALYZER_NUMBER_OBJECT_CONVERSION = YES_AGGRESSIVE;
				CLANG_CXX_LANGUAGE_STANDARD = "gnu++14";
				CLANG_CXX_LIBRARY = "libc++";
				CLANG_ENABLE_MODULES = YES;
				CLANG_ENABLE_OBJC_ARC = YES;
				CLANG_ENABLE_OBJC_WEAK = YES;
				CLANG_WARN_BLOCK_CAPTURE_AUTORELEASING = YES;
				CLANG_WARN_BOOL_CONVERSION = YES;
				CLANG_WARN_COMMA = YES;
				CLANG_WARN_CONSTANT_CONVERSION = YES;
				CLANG_WARN_DEPRECATED_OBJC_IMPLEMENTATIONS = YES;
				CLANG_WARN_DIRECT_OBJC_ISA_USAGE = YES_ERROR;
				CLANG_WARN_DOCUMENTATION_COMMENTS = YES;
				CLANG_WARN_EMPTY_BODY = YES;
				CLANG_WARN_ENUM_CONVERSION = YES;
				CLANG_WARN_INFINITE_RECURSION = YES;
				CLANG_WARN_INT_CONVERSION = YES;
				CLANG_WARN_NON_LITERAL_NULL_CONVERSION = YES;
				CLANG_WARN_OBJC_IMPLICIT_RETAIN_SELF = YES;
				CLANG_WARN_OBJC_LITERAL_CONVERSION = YES;
				CLANG_WARN_OBJC_ROOT_CLASS = YES_ERROR;
				CLANG_WARN_RANGE_LOOP_ANALYSIS = YES;
				CLANG_WARN_STRICT_PROTOTYPES = YES;
				CLANG_WARN_SUSPICIOUS_MOVE = YES;
				CLANG_WARN_UNGUARDED_AVAILABILITY = YES_AGGRESSIVE;
				CLANG_WARN_UNREACHABLE_CODE = YES;
				CLANG_WARN__DUPLICATE_METHOD_MATCH = YES;
				COPY_PHASE_STRIP = NO;
				DEBUG_INFORMATION_FORMAT = "dwarf-with-dsym";
				ENABLE_NS_ASSERTIONS = NO;
				ENABLE_STRICT_OBJC_MSGSEND = YES;
				GCC_C_LANGUAGE_STANDARD = gnu11;
				GCC_NO_COMMON_BLOCKS = YES;
				GCC_WARN_64_TO_32_BIT_CONVERSION = YES;
				GCC_WARN_ABOUT_RETURN_TYPE = YES_ERROR;
				GCC_WARN_UNDECLARED_SELECTOR = YES;
				GCC_WARN_UNINITIALIZED_AUTOS = YES_AGGRESSIVE;
				GCC_WARN_UNUSED_FUNCTION = YES;
				GCC_WARN_UNUSED_VARIABLE = YES;
				IPHONEOS_DEPLOYMENT_TARGET = 13.5;
				MTL_ENABLE_DEBUG_INFO = NO;
				MTL_FAST_MATH = YES;
				SDKROOT = iphoneos;
				SWIFT_COMPILATION_MODE = wholemodule;
				SWIFT_OPTIMIZATION_LEVEL = "-O";
				VALIDATE_PRODUCT = YES;
			};
			name = Release;
		};
		5718379C25AF8C70005B6949 /* Debug */ = {
			isa = XCBuildConfiguration;
			buildSettings = {
				ASSETCATALOG_COMPILER_APPICON_NAME = AppIcon;
				CODE_SIGN_STYLE = Automatic;
				DEVELOPMENT_ASSET_PATHS = "\"maishsk-1/Preview Content\"";
				ENABLE_PREVIEWS = YES;
				INFOPLIST_FILE = "maishsk-1/Info.plist";
				LD_RUNPATH_SEARCH_PATHS = (
					"$(inherited)",
					"@executable_path/Frameworks",
				);
				PRODUCT_BUNDLE_IDENTIFIER = "maishsk.maishsk-1";
				PRODUCT_NAME = "$(TARGET_NAME)";
				SWIFT_VERSION = 5.0;
				TARGETED_DEVICE_FAMILY = "1,2";
			};
			name = Debug;
		};
		5718379D25AF8C70005B6949 /* Release */ = {
			isa = XCBuildConfiguration;
			buildSettings = {
				ASSETCATALOG_COMPILER_APPICON_NAME = AppIcon;
				CODE_SIGN_STYLE = Automatic;
				DEVELOPMENT_ASSET_PATHS = "\"maishsk-1/Preview Content\"";
				ENABLE_PREVIEWS = YES;
				INFOPLIST_FILE = "maishsk-1/Info.plist";
				LD_RUNPATH_SEARCH_PATHS = (
					"$(inherited)",
					"@executable_path/Frameworks",
				);
				PRODUCT_BUNDLE_IDENTIFIER = "maishsk.maishsk-1";
				PRODUCT_NAME = "$(TARGET_NAME)";
				SWIFT_VERSION = 5.0;
				TARGETED_DEVICE_FAMILY = "1,2";
			};
			name = Release;
		};
		5718379F25AF8C70005B6949 /* Debug */ = {
			isa = XCBuildConfiguration;
			buildSettings = {
				ALWAYS_EMBED_SWIFT_STANDARD_LIBRARIES = YES;
				BUNDLE_LOADER = "$(TEST_HOST)";
				CODE_SIGN_STYLE = Automatic;
				INFOPLIST_FILE = "maishsk-1Tests/Info.plist";
				IPHONEOS_DEPLOYMENT_TARGET = 13.5;
				LD_RUNPATH_SEARCH_PATHS = (
					"$(inherited)",
					"@executable_path/Frameworks",
					"@loader_path/Frameworks",
				);
				PRODUCT_BUNDLE_IDENTIFIER = "maishsk.maishsk-1Tests";
				PRODUCT_NAME = "$(TARGET_NAME)";
				SWIFT_VERSION = 5.0;
				TARGETED_DEVICE_FAMILY = "1,2";
				TEST_HOST = "$(BUILT_PRODUCTS_DIR)/maishsk-1.app/maishsk-1";
			};
			name = Debug;
		};
		571837A025AF8C70005B6949 /* Release */ = {
			isa = XCBuildConfiguration;
			buildSettings = {
				ALWAYS_EMBED_SWIFT_STANDARD_LIBRARIES = YES;
				BUNDLE_LOADER = "$(TEST_HOST)";
				CODE_SIGN_STYLE = Automatic;
				INFOPLIST_FILE = "maishsk-1Tests/Info.plist";
				IPHONEOS_DEPLOYMENT_TARGET = 13.5;
				LD_RUNPATH_SEARCH_PATHS = (
					"$(inherited)",
					"@executable_path/Frameworks",
					"@loader_path/Frameworks",
				);
				PRODUCT_BUNDLE_IDENTIFIER = "maishsk.maishsk-1Tests";
				PRODUCT_NAME = "$(TARGET_NAME)";
				SWIFT_VERSION = 5.0;
				TARGETED_DEVICE_FAMILY = "1,2";
				TEST_HOST = "$(BUILT_PRODUCTS_DIR)/maishsk-1.app/maishsk-1";
			};
			name = Release;
		};
		571837A225AF8C70005B6949 /* Debug */ = {
			isa = XCBuildConfiguration;
			buildSettings = {
				ALWAYS_EMBED_SWIFT_STANDARD_LIBRARIES = YES;
				CODE_SIGN_STYLE = Automatic;
				INFOPLIST_FILE = "maishsk-1UITests/Info.plist";
				LD_RUNPATH_SEARCH_PATHS = (
					"$(inherited)",
					"@executable_path/Frameworks",
					"@loader_path/Frameworks",
				);
				PRODUCT_BUNDLE_IDENTIFIER = "maishsk.maishsk-1UITests";
				PRODUCT_NAME = "$(TARGET_NAME)";
				SWIFT_VERSION = 5.0;
				TARGETED_DEVICE_FAMILY = "1,2";
				TEST_TARGET_NAME = "maishsk-1";
			};
			name = Debug;
		};
		571837A325AF8C70005B6949 /* Release */ = {
			isa = XCBuildConfiguration;
			buildSettings = {
				ALWAYS_EMBED_SWIFT_STANDARD_LIBRARIES = YES;
				CODE_SIGN_STYLE = Automatic;
				INFOPLIST_FILE = "maishsk-1UITests/Info.plist";
				LD_RUNPATH_SEARCH_PATHS = (
					"$(inherited)",
					"@executable_path/Frameworks",
					"@loader_path/Frameworks",
				);
				PRODUCT_BUNDLE_IDENTIFIER = "maishsk.maishsk-1UITests";
				PRODUCT_NAME = "$(TARGET_NAME)";
				SWIFT_VERSION = 5.0;
				TARGETED_DEVICE_FAMILY = "1,2";
				TEST_TARGET_NAME = "maishsk-1";
			};
			name = Release;
		};
/* End XCBuildConfiguration section */

/* Begin XCConfigurationList section */
		5718376C25AF8C6E005B6949 /* Build configuration list for PBXProject "maishsk-1" */ = {
			isa = XCConfigurationList;
			buildConfigurations = (
				5718379925AF8C70005B6949 /* Debug */,
				5718379A25AF8C70005B6949 /* Release */,
			);
			defaultConfigurationIsVisible = 0;
			defaultConfigurationName = Release;
		};
		5718379B25AF8C70005B6949 /* Build configuration list for PBXNativeTarget "maishsk-1" */ = {
			isa = XCConfigurationList;
			buildConfigurations = (
				5718379C25AF8C70005B6949 /* Debug */,
				5718379D25AF8C70005B6949 /* Release */,
			);
			defaultConfigurationIsVisible = 0;
			defaultConfigurationName = Release;
		};
		5718379E25AF8C70005B6949 /* Build configuration list for PBXNativeTarget "maishsk-1Tests" */ = {
			isa = XCConfigurationList;
			buildConfigurations = (
				5718379F25AF8C70005B6949 /* Debug */,
				571837A025AF8C70005B6949 /* Release */,
			);
			defaultConfigurationIsVisible = 0;
			defaultConfigurationName = Release;
		};
		571837A125AF8C70005B6949 /* Build configuration list for PBXNativeTarget "maishsk-1UITests" */ = {
			isa = XCConfigurationList;
			buildConfigurations = (
				571837A225AF8C70005B6949 /* Debug */,
				571837A325AF8C70005B6949 /* Release */,
			);
			defaultConfigurationIsVisible = 0;
			defaultConfigurationName = Release;
		};
/* End XCConfigurationList section */
	};
	rootObject = 5718376925AF8C6E005B6949 /* Project object */;
}
